// !$*UTF8*$!
{
	archiveVersion = 1;
	classes = {
	};
	objectVersion = 46;
	objects = {

/* Begin PBXBuildFile section */
		1297781B1B90EF440018CCDA /* main.m in Sources */ = {isa = PBXBuildFile; fileRef = 1297781A1B90EF440018CCDA /* main.m */; };
		129778231B9100200018CCDA /* NSString+PigLatin.m in Sources */ = {isa = PBXBuildFile; fileRef = 129778221B9100200018CCDA /* NSString+PigLatin.m */; };
		129778261B9100380018CCDA /* NSString+TrimmingUtilities.m in Sources */ = {isa = PBXBuildFile; fileRef = 129778251B9100380018CCDA /* NSString+TrimmingUtilities.m */; };
		129778291B91005F0018CCDA /* NSCharacterSet+UnionWithOtherSet.m in Sources */ = {isa = PBXBuildFile; fileRef = 129778281B91005F0018CCDA /* NSCharacterSet+UnionWithOtherSet.m */; };
/* End PBXBuildFile section */

/* Begin PBXCopyFilesBuildPhase section */
		129778151B90EF440018CCDA /* CopyFiles */ = {
			isa = PBXCopyFilesBuildPhase;
			buildActionMask = 2147483647;
			dstPath = /usr/share/man/man1/;
			dstSubfolderSpec = 0;
			files = (
			);
			runOnlyForDeploymentPostprocessing = 1;
		};
/* End PBXCopyFilesBuildPhase section */

/* Begin PBXFileReference section */
		129778171B90EF440018CCDA /* Pig Latin */ = {isa = PBXFileReference; explicitFileType = "compiled.mach-o.executable"; includeInIndex = 0; path = "Pig Latin"; sourceTree = BUILT_PRODUCTS_DIR; };
		1297781A1B90EF440018CCDA /* main.m */ = {isa = PBXFileReference; lastKnownFileType = sourcecode.c.objc; path = main.m; sourceTree = "<group>"; };
		129778211B9100200018CCDA /* NSString+PigLatin.h */ = {isa = PBXFileReference; fileEncoding = 4; lastKnownFileType = sourcecode.c.h; path = "NSString+PigLatin.h"; sourceTree = "<group>"; };
		129778221B9100200018CCDA /* NSString+PigLatin.m */ = {isa = PBXFileReference; fileEncoding = 4; lastKnownFileType = sourcecode.c.objc; path = "NSString+PigLatin.m"; sourceTree = "<group>"; };
		129778241B9100380018CCDA /* NSString+TrimmingUtilities.h */ = {isa = PBXFileReference; fileEncoding = 4; lastKnownFileType = sourcecode.c.h; path = "NSString+TrimmingUtilities.h"; sourceTree = "<group>"; };
		129778251B9100380018CCDA /* NSString+TrimmingUtilities.m */ = {isa = PBXFileReference; fileEncoding = 4; lastKnownFileType = sourcecode.c.objc; path = "NSString+TrimmingUtilities.m"; sourceTree = "<group>"; };
		129778271B91005F0018CCDA /* NSCharacterSet+UnionWithOtherSet.h */ = {isa = PBXFileReference; fileEncoding = 4; lastKnownFileType = sourcecode.c.h; path = "NSCharacterSet+UnionWithOtherSet.h"; sourceTree = "<group>"; };
		129778281B91005F0018CCDA /* NSCharacterSet+UnionWithOtherSet.m */ = {isa = PBXFileReference; fileEncoding = 4; lastKnownFileType = sourcecode.c.objc; path = "NSCharacterSet+UnionWithOtherSet.m"; sourceTree = "<group>"; };
/* End PBXFileReference section */

/* Begin PBXFrameworksBuildPhase section */
		129778141B90EF440018CCDA /* Frameworks */ = {
			isa = PBXFrameworksBuildPhase;
			buildActionMask = 2147483647;
			files = (
			);
			runOnlyForDeploymentPostprocessing = 0;
		};
/* End PBXFrameworksBuildPhase section */

/* Begin PBXGroup section */
		1297780E1B90EF440018CCDA = {
			isa = PBXGroup;
			children = (
				129778191B90EF440018CCDA /* Pig Latin */,
				129778181B90EF440018CCDA /* Products */,
			);
			sourceTree = "<group>";
		};
		129778181B90EF440018CCDA /* Products */ = {
			isa = PBXGroup;
			children = (
				129778171B90EF440018CCDA /* Pig Latin */,
			);
			name = Products;
			sourceTree = "<group>";
		};
		129778191B90EF440018CCDA /* Pig Latin */ = {
			isa = PBXGroup;
			children = (
				1297781A1B90EF440018CCDA /* main.m */,
				129778211B9100200018CCDA /* NSString+PigLatin.h */,
				129778221B9100200018CCDA /* NSString+PigLatin.m */,
				129778241B9100380018CCDA /* NSString+TrimmingUtilities.h */,
				129778251B9100380018CCDA /* NSString+TrimmingUtilities.m */,
				129778271B91005F0018CCDA /* NSCharacterSet+UnionWithOtherSet.h */,
				129778281B91005F0018CCDA /* NSCharacterSet+UnionWithOtherSet.m */,
			);
			path = "Pig Latin";
			sourceTree = "<group>";
		};
/* End PBXGroup section */

/* Begin PBXNativeTarget section */
		129778161B90EF440018CCDA /* Pig Latin */ = {
			isa = PBXNativeTarget;
			buildConfigurationList = 1297781E1B90EF440018CCDA /* Build configuration list for PBXNativeTarget "Pig Latin" */;
			buildPhases = (
				129778131B90EF440018CCDA /* Sources */,
				129778141B90EF440018CCDA /* Frameworks */,
				129778151B90EF440018CCDA /* CopyFiles */,
			);
			buildRules = (
			);
			dependencies = (
			);
			name = "Pig Latin";
			productName = "Pig Latin";
			productReference = 129778171B90EF440018CCDA /* Pig Latin */;
			productType = "com.apple.product-type.tool";
		};
/* End PBXNativeTarget section */

/* Begin PBXProject section */
		1297780F1B90EF440018CCDA /* Project object */ = {
			isa = PBXProject;
			attributes = {
				LastUpgradeCheck = 0640;
				ORGANIZATIONNAME = asu;
				TargetAttributes = {
					129778161B90EF440018CCDA = {
						CreatedOnToolsVersion = 6.4;
					};
				};
			};
			buildConfigurationList = 129778121B90EF440018CCDA /* Build configuration list for PBXProject "Pig Latin" */;
			compatibilityVersion = "Xcode 3.2";
			developmentRegion = English;
			hasScannedForEncodings = 0;
			knownRegions = (
				en,
			);
			mainGroup = 1297780E1B90EF440018CCDA;
			productRefGroup = 129778181B90EF440018CCDA /* Products */;
			projectDirPath = "";
			projectRoot = "";
			targets = (
				129778161B90EF440018CCDA /* Pig Latin */,
			);
		};
/* End PBXProject section */

/* Begin PBXSourcesBuildPhase section */
		129778131B90EF440018CCDA /* Sources */ = {
			isa = PBXSourcesBuildPhase;
			buildActionMask = 2147483647;
			files = (
				1297781B1B90EF440018CCDA /* main.m in Sources */,
				129778291B91005F0018CCDA /* NSCharacterSet+UnionWithOtherSet.m in Sources */,
				129778261B9100380018CCDA /* NSString+TrimmingUtilities.m in Sources */,
				129778231B9100200018CCDA /* NSString+PigLatin.m in Sources */,
			);
			runOnlyForDeploymentPostprocessing = 0;
		};
/* End PBXSourcesBuildPhase section */

/* Begin XCBuildConfiguration section */
		1297781C1B90EF440018CCDA /* Debug */ = {
			isa = XCBuildConfiguration;
			buildSettings = {
				ALWAYS_SEARCH_USER_PATHS = NO;
				CLANG_CXX_LANGUAGE_STANDARD = "gnu++0x";
				CLANG_CXX_LIBRARY = "libc++";
				CLANG_ENABLE_MODULES = YES;
				CLANG_ENABLE_OBJC_ARC = YES;
				CLANG_WARN_BOOL_CONVERSION = YES;
				CLANG_WARN_CONSTANT_CONVERSION = YES;
				CLANG_WARN_DIRECT_OBJC_ISA_USAGE = YES_ERROR;
				CLANG_WARN_EMPTY_BODY = YES;
				CLANG_WARN_ENUM_CONVERSION = YES;
				CLANG_WARN_INT_CONVERSION = YES;
				CLANG_WARN_OBJC_ROOT_CLASS = YES_ERROR;
				CLANG_WARN_UNREACHABLE_CODE = YES;
				CLANG_WARN__DUPLICATE_METHOD_MATCH = YES;
				COPY_PHASE_STRIP = NO;
				DEBUG_INFORMATION_FORMAT = dwarf;
				ENABLE_STRICT_OBJC_MSGSEND = YES;
				GCC_C_LANGUAGE_STANDARD = gnu99;
				GCC_DYNAMIC_NO_PIC = NO;
				GCC_NO_COMMON_BLOCKS = YES;
				GCC_OPTIMIZATION_LEVEL = 0;
				GCC_PREPROCESSOR_DEFINITIONS = (
					"DEBUG=1",
					"$(inherited)",
				);
				GCC_SYMBOLS_PRIVATE_EXTERN = NO;
				GCC_WARN_64_TO_32_BIT_CONVERSION = YES;
				GCC_WARN_ABOUT_RETURN_TYPE = YES_ERROR;
				GCC_WARN_UNDECLARED_SELECTOR = YES;
				GCC_WARN_UNINITIALIZED_AUTOS = YES_AGGRESSIVE;
				GCC_WARN_UNUSED_FUNCTION = YES;
				GCC_WARN_UNUSED_VARIABLE = YES;
				MACOSX_DEPLOYMENT_TARGET = 10.10;
				MTL_ENABLE_DEBUG_INFO = YES;
				ONLY_ACTIVE_ARCH = YES;
				SDKROOT = macosx;
			};
			name = Debug;
		};
		1297781D1B90EF440018CCDA /* Release */ = {
			isa = XCBuildConfiguration;
			buildSettings = {
				ALWAYS_SEARCH_USER_PATHS = NO;
				CLANG_CXX_LANGUAGE_STANDARD = "gnu++0x";
				CLANG_CXX_LIBRARY = "libc++";
				CLANG_ENABLE_MODULES = YES;
				CLANG_ENABLE_OBJC_ARC = YES;
				CLANG_WARN_BOOL_CONVERSION = YES;
				CLANG_WARN_CONSTANT_CONVERSION = YES;
				CLANG_WARN_DIRECT_OBJC_ISA_USAGE = YES_ERROR;
				CLANG_WARN_EMPTY_BODY = YES;
				CLANG_WARN_ENUM_CONVERSION = YES;
				CLANG_WARN_INT_CONVERSION = YES;
				CLANG_WARN_OBJC_ROOT_CLASS = YES_ERROR;
				CLANG_WARN_UNREACHABLE_CODE = YES;
				CLANG_WARN__DUPLICATE_METHOD_MATCH = YES;
				COPY_PHASE_STRIP = NO;
				DEBUG_INFORMATION_FORMAT = "dwarf-with-dsym";
				ENABLE_NS_ASSERTIONS = NO;
				ENABLE_STRICT_OBJC_MSGSEND = YES;
				GCC_C_LANGUAGE_STANDARD = gnu99;
				GCC_NO_COMMON_BLOCKS = YES;
				GCC_WARN_64_TO_32_BIT_CONVERSION = YES;
				GCC_WARN_ABOUT_RETURN_TYPE = YES_ERROR;
				GCC_WARN_UNDECLARED_SELECTOR = YES;
				GCC_WARN_UNINITIALIZED_AUTOS = YES_AGGRESSIVE;
				GCC_WARN_UNUSED_FUNCTION = YES;
				GCC_WARN_UNUSED_VARIABLE = YES;
				MACOSX_DEPLOYMENT_TARGET = 10.10;
				MTL_ENABLE_DEBUG_INFO = NO;
				SDKROOT = macosx;
			};
			name = Release;
		};
		1297781F1B90EF440018CCDA /* Debug */ = {
			isa = XCBuildConfiguration;
			buildSettings = {
				PRODUCT_NAME = "$(TARGET_NAME)";
			};
			name = Debug;
		};
		129778201B90EF440018CCDA /* Release */ = {
			isa = XCBuildConfiguration;
			buildSettings = {
				PRODUCT_NAME = "$(TARGET_NAME)";
			};
			name = Release;
		};
/* End XCBuildConfiguration section */

/* Begin XCConfigurationList section */
		129778121B90EF440018CCDA /* Build configuration list for PBXProject "Pig Latin" */ = {
			isa = XCConfigurationList;
			buildConfigurations = (
				1297781C1B90EF440018CCDA /* Debug */,
				1297781D1B90EF440018CCDA /* Release */,
			);
			defaultConfigurationIsVisible = 0;
			defaultConfigurationName = Release;
		};
		1297781E1B90EF440018CCDA /* Build configuration list for PBXNativeTarget "Pig Latin" */ = {
			isa = XCConfigurationList;
			buildConfigurations = (
				1297781F1B90EF440018CCDA /* Debug */,
				129778201B90EF440018CCDA /* Release */,
			);
			defaultConfigurationIsVisible = 0;
		};
/* End XCConfigurationList section */
	};
	rootObject = 1297780F1B90EF440018CCDA /* Project object */;
}
